
Microsoft Visual Studio Solution File, Format Version 12.00
# Visual Studio 15
VisualStudioVersion = 15.0.28307.329
MinimumVisualStudioVersion = 10.0.40219.1
Project("{FAE04EC0-301F-11D3-BF4B-00C04F79EFBC}") = "SingleResponsibilityPrinciple", "SingleResponsibilityPrinciple\SingleResponsibilityPrinciple.csproj", "{8833A00D-5528-4D3A-AF03-EAE05A8A95EA}"
EndProject
Project("{FAE04EC0-301F-11D3-BF4B-00C04F79EFBC}") = "Open-Closed Principle", "Open-Closed Principle\Open-Closed Principle.csproj", "{8F3966B3-F8E0-42BE-84A0-4A8E54259DD5}"
EndProject
Project("{FAE04EC0-301F-11D3-BF4B-00C04F79EFBC}") = "LiskovSubstitutionPrinciple", "LiskovSubstitutionPrinciple\LiskovSubstitutionPrinciple.csproj", "{F4AA7BF6-BFF9-4449-B7BE-E7FC7344DB0D}"
EndProject
Global
	GlobalSection(SolutionConfigurationPlatforms) = preSolution
		Debug|Any CPU = Debug|Any CPU
		Release|Any CPU = Release|Any CPU
	EndGlobalSection
	GlobalSection(ProjectConfigurationPlatforms) = postSolution
		{8833A00D-5528-4D3A-AF03-EAE05A8A95EA}.Debug|Any CPU.ActiveCfg = Debug|Any CPU
		{8833A00D-5528-4D3A-AF03-EAE05A8A95EA}.Debug|Any CPU.Build.0 = Debug|Any CPU
		{8833A00D-5528-4D3A-AF03-EAE05A8A95EA}.Release|Any CPU.ActiveCfg = Release|Any CPU
		{8833A00D-5528-4D3A-AF03-EAE05A8A95EA}.Release|Any CPU.Build.0 = Release|Any CPU
		{8F3966B3-F8E0-42BE-84A0-4A8E54259DD5}.Debug|Any CPU.ActiveCfg = Debug|Any CPU
		{8F3966B3-F8E0-42BE-84A0-4A8E54259DD5}.Debug|Any CPU.Build.0 = Debug|Any CPU
		{8F3966B3-F8E0-42BE-84A0-4A8E54259DD5}.Release|Any CPU.ActiveCfg = Release|Any CPU
		{8F3966B3-F8E0-42BE-84A0-4A8E54259DD5}.Release|Any CPU.Build.0 = Release|Any CPU
		{F4AA7BF6-BFF9-4449-B7BE-E7FC7344DB0D}.Debug|Any CPU.ActiveCfg = Debug|Any CPU
		{F4AA7BF6-BFF9-4449-B7BE-E7FC7344DB0D}.Debug|Any CPU.Build.0 = Debug|Any CPU
		{F4AA7BF6-BFF9-4449-B7BE-E7FC7344DB0D}.Release|Any CPU.ActiveCfg = Release|Any CPU
		{F4AA7BF6-BFF9-4449-B7BE-E7FC7344DB0D}.Release|Any CPU.Build.0 = Release|Any CPU
	EndGlobalSection
	GlobalSection(SolutionProperties) = preSolution
		HideSolutionNode = FALSE
	EndGlobalSection
	GlobalSection(ExtensibilityGlobals) = postSolution
		SolutionGuid = {163AA1EC-0110-43BD-99EA-0A79300FC7FF}
	EndGlobalSection
EndGlobal
